
Microsoft Visual Studio Solution File, Format Version 12.00
# Visual Studio Version 17
VisualStudioVersion = 17.11.35222.181
MinimumVisualStudioVersion = 10.0.40219.1
Project("{8BC9CEB8-8B4A-11D0-8D11-00A0C91BC942}") = "PR2", "PR2\PR2.vcxproj", "{5EB99E89-D98E-497E-B760-0DBBEA8859DD}"
EndProject
Global
	GlobalSection(SolutionConfigurationPlatforms) = preSolution
		Debug|x64 = Debug|x64
		Debug|x86 = Debug|x86
		Release|x64 = Release|x64
		Release|x86 = Release|x86
	EndGlobalSection
	GlobalSection(ProjectConfigurationPlatforms) = postSolution
		{5EB99E89-D98E-497E-B760-0DBBEA8859DD}.Debug|x64.ActiveCfg = Debug|x64
		{5EB99E89-D98E-497E-B760-0DBBEA8859DD}.Debug|x64.Build.0 = Debug|x64
		{5EB99E89-D98E-497E-B760-0DBBEA8859DD}.Debug|x86.ActiveCfg = Debug|Win32
		{5EB99E89-D98E-497E-B760-0DBBEA8859DD}.Debug|x86.Build.0 = Debug|Win32
		{5EB99E89-D98E-497E-B760-0DBBEA8859DD}.Release|x64.ActiveCfg = Release|x64
		{5EB99E89-D98E-497E-B760-0DBBEA8859DD}.Release|x64.Build.0 = Release|x64
		{5EB99E89-D98E-497E-B760-0DBBEA8859DD}.Release|x86.ActiveCfg = Release|Win32
		{5EB99E89-D98E-497E-B760-0DBBEA8859DD}.Release|x86.Build.0 = Release|Win32
	EndGlobalSection
	GlobalSection(SolutionProperties) = preSolution
		HideSolutionNode = FALSE
	EndGlobalSection
	GlobalSection(ExtensibilityGlobals) = postSolution
		SolutionGuid = {12FC0B90-A1F3-48A5-AC3E-0F8A17B7164F}
	EndGlobalSection
EndGlobal
